
Microsoft Visual Studio Solution File, Format Version 12.00
# Visual Studio Version 16
VisualStudioVersion = 16.0.30114.105
MinimumVisualStudioVersion = 10.0.40219.1
Project("{FAE04EC0-301F-11D3-BF4B-00C04F79EFBC}") = "Data", "Data\Data.csproj", "{7F76DB03-A719-4C83-9DF8-941B19B8DD25}"
EndProject
Project("{FAE04EC0-301F-11D3-BF4B-00C04F79EFBC}") = "GatewayApi", "GatewayApi\GatewayApi.csproj", "{8F0C3008-9511-4BA9-AB8A-46BE735E2D33}"
EndProject
Project("{2150E333-8FDC-42A3-9474-1A3956D46DE8}") = "MicroServices", "MicroServices", "{C86089D5-C86E-4870-9D8D-D38C70E18F49}"
EndProject
Project("{2150E333-8FDC-42A3-9474-1A3956D46DE8}") = "Customers", "Customers", "{0D703728-BD00-4514-B295-EAC7EF2A04C2}"
EndProject
Project("{FAE04EC0-301F-11D3-BF4B-00C04F79EFBC}") = "CustomerApi", "MicroServices\Customers\CustomerApi\CustomerApi.csproj", "{91B5963A-44F3-4FD0-AF59-95BD5B43B12E}"
EndProject
Project("{FAE04EC0-301F-11D3-BF4B-00C04F79EFBC}") = "CustomerService", "MicroServices\Customers\CustomerService\CustomerService.csproj", "{4739B32D-D94C-4D6B-94F0-674DBF45F011}"
EndProject
Project("{2150E333-8FDC-42A3-9474-1A3956D46DE8}") = "Orders", "Orders", "{7DFAE6C9-46EB-4832-9A63-334C26A20EA4}"
EndProject
Project("{FAE04EC0-301F-11D3-BF4B-00C04F79EFBC}") = "OrderApi", "MicroServices\Orders\OrderApi\OrderApi.csproj", "{08B37697-8120-4920-856F-DE9B70A7C2AA}"
EndProject
Project("{FAE04EC0-301F-11D3-BF4B-00C04F79EFBC}") = "OrderService", "MicroServices\Orders\OrderService\OrderService.csproj", "{718028F0-64C0-4F98-A898-9F3D93BD9EB5}"
EndProject
Project("{2150E333-8FDC-42A3-9474-1A3956D46DE8}") = "Tests", "Tests", "{F4A96859-9FE2-4443-9174-606FC125C009}"
EndProject
Project("{FAE04EC0-301F-11D3-BF4B-00C04F79EFBC}") = "CustomerUnitTests", "Tests\CustomerUnitTests\CustomerUnitTests.csproj", "{044FB0B8-56B8-41FB-924E-E6F4C8947E71}"
EndProject
Project("{FAE04EC0-301F-11D3-BF4B-00C04F79EFBC}") = "OrderUnitTests", "Tests\OrderUnitTests\OrderUnitTests.csproj", "{C3559BAE-D359-4E61-BCBC-F68B4B73AEE0}"
EndProject
Global
	GlobalSection(SolutionConfigurationPlatforms) = preSolution
		Debug|Any CPU = Debug|Any CPU
		Release|Any CPU = Release|Any CPU
	EndGlobalSection
	GlobalSection(SolutionProperties) = preSolution
		HideSolutionNode = FALSE
	EndGlobalSection
	GlobalSection(ProjectConfigurationPlatforms) = postSolution
		{7F76DB03-A719-4C83-9DF8-941B19B8DD25}.Debug|Any CPU.ActiveCfg = Debug|Any CPU
		{7F76DB03-A719-4C83-9DF8-941B19B8DD25}.Debug|Any CPU.Build.0 = Debug|Any CPU
		{7F76DB03-A719-4C83-9DF8-941B19B8DD25}.Release|Any CPU.ActiveCfg = Release|Any CPU
		{7F76DB03-A719-4C83-9DF8-941B19B8DD25}.Release|Any CPU.Build.0 = Release|Any CPU
		{8F0C3008-9511-4BA9-AB8A-46BE735E2D33}.Debug|Any CPU.ActiveCfg = Debug|Any CPU
		{8F0C3008-9511-4BA9-AB8A-46BE735E2D33}.Debug|Any CPU.Build.0 = Debug|Any CPU
		{8F0C3008-9511-4BA9-AB8A-46BE735E2D33}.Release|Any CPU.ActiveCfg = Release|Any CPU
		{8F0C3008-9511-4BA9-AB8A-46BE735E2D33}.Release|Any CPU.Build.0 = Release|Any CPU
		{91B5963A-44F3-4FD0-AF59-95BD5B43B12E}.Debug|Any CPU.ActiveCfg = Debug|Any CPU
		{91B5963A-44F3-4FD0-AF59-95BD5B43B12E}.Debug|Any CPU.Build.0 = Debug|Any CPU
		{91B5963A-44F3-4FD0-AF59-95BD5B43B12E}.Release|Any CPU.ActiveCfg = Release|Any CPU
		{91B5963A-44F3-4FD0-AF59-95BD5B43B12E}.Release|Any CPU.Build.0 = Release|Any CPU
		{4739B32D-D94C-4D6B-94F0-674DBF45F011}.Debug|Any CPU.ActiveCfg = Debug|Any CPU
		{4739B32D-D94C-4D6B-94F0-674DBF45F011}.Debug|Any CPU.Build.0 = Debug|Any CPU
		{4739B32D-D94C-4D6B-94F0-674DBF45F011}.Release|Any CPU.ActiveCfg = Release|Any CPU
		{4739B32D-D94C-4D6B-94F0-674DBF45F011}.Release|Any CPU.Build.0 = Release|Any CPU
		{08B37697-8120-4920-856F-DE9B70A7C2AA}.Debug|Any CPU.ActiveCfg = Debug|Any CPU
		{08B37697-8120-4920-856F-DE9B70A7C2AA}.Debug|Any CPU.Build.0 = Debug|Any CPU
		{08B37697-8120-4920-856F-DE9B70A7C2AA}.Release|Any CPU.ActiveCfg = Release|Any CPU
		{08B37697-8120-4920-856F-DE9B70A7C2AA}.Release|Any CPU.Build.0 = Release|Any CPU
		{718028F0-64C0-4F98-A898-9F3D93BD9EB5}.Debug|Any CPU.ActiveCfg = Debug|Any CPU
		{718028F0-64C0-4F98-A898-9F3D93BD9EB5}.Debug|Any CPU.Build.0 = Debug|Any CPU
		{718028F0-64C0-4F98-A898-9F3D93BD9EB5}.Release|Any CPU.ActiveCfg = Release|Any CPU
		{718028F0-64C0-4F98-A898-9F3D93BD9EB5}.Release|Any CPU.Build.0 = Release|Any CPU
		{044FB0B8-56B8-41FB-924E-E6F4C8947E71}.Debug|Any CPU.ActiveCfg = Debug|Any CPU
		{044FB0B8-56B8-41FB-924E-E6F4C8947E71}.Debug|Any CPU.Build.0 = Debug|Any CPU
		{044FB0B8-56B8-41FB-924E-E6F4C8947E71}.Release|Any CPU.ActiveCfg = Release|Any CPU
		{044FB0B8-56B8-41FB-924E-E6F4C8947E71}.Release|Any CPU.Build.0 = Release|Any CPU
		{C3559BAE-D359-4E61-BCBC-F68B4B73AEE0}.Debug|Any CPU.ActiveCfg = Debug|Any CPU
		{C3559BAE-D359-4E61-BCBC-F68B4B73AEE0}.Debug|Any CPU.Build.0 = Debug|Any CPU
		{C3559BAE-D359-4E61-BCBC-F68B4B73AEE0}.Release|Any CPU.ActiveCfg = Release|Any CPU
		{C3559BAE-D359-4E61-BCBC-F68B4B73AEE0}.Release|Any CPU.Build.0 = Release|Any CPU
	EndGlobalSection
	GlobalSection(NestedProjects) = preSolution
		{0D703728-BD00-4514-B295-EAC7EF2A04C2} = {C86089D5-C86E-4870-9D8D-D38C70E18F49}
		{91B5963A-44F3-4FD0-AF59-95BD5B43B12E} = {0D703728-BD00-4514-B295-EAC7EF2A04C2}
		{4739B32D-D94C-4D6B-94F0-674DBF45F011} = {0D703728-BD00-4514-B295-EAC7EF2A04C2}
		{7DFAE6C9-46EB-4832-9A63-334C26A20EA4} = {C86089D5-C86E-4870-9D8D-D38C70E18F49}
		{08B37697-8120-4920-856F-DE9B70A7C2AA} = {7DFAE6C9-46EB-4832-9A63-334C26A20EA4}
		{718028F0-64C0-4F98-A898-9F3D93BD9EB5} = {7DFAE6C9-46EB-4832-9A63-334C26A20EA4}
		{044FB0B8-56B8-41FB-924E-E6F4C8947E71} = {F4A96859-9FE2-4443-9174-606FC125C009}
		{C3559BAE-D359-4E61-BCBC-F68B4B73AEE0} = {F4A96859-9FE2-4443-9174-606FC125C009}
	EndGlobalSection
EndGlobal
